
Microsoft Visual Studio Solution File, Format Version 12.00
# Visual Studio Version 17
VisualStudioVersion = 17.6.33723.286
MinimumVisualStudioVersion = 10.0.40219.1
Project("{FAE04EC0-301F-11D3-BF4B-00C04F79EFBC}") = "ApiFilms", "ApiFilms.csproj", "{CDA1131D-974C-4974-97DD-357895B662F0}"
EndProject
Global
	GlobalSection(SolutionConfigurationPlatforms) = preSolution
		Debug|Any CPU = Debug|Any CPU
		Release|Any CPU = Release|Any CPU
	EndGlobalSection
	GlobalSection(ProjectConfigurationPlatforms) = postSolution
		{CDA1131D-974C-4974-97DD-357895B662F0}.Debug|Any CPU.ActiveCfg = Debug|Any CPU
		{CDA1131D-974C-4974-97DD-357895B662F0}.Debug|Any CPU.Build.0 = Debug|Any CPU
		{CDA1131D-974C-4974-97DD-357895B662F0}.Release|Any CPU.ActiveCfg = Release|Any CPU
		{CDA1131D-974C-4974-97DD-357895B662F0}.Release|Any CPU.Build.0 = Release|Any CPU
	EndGlobalSection
	GlobalSection(SolutionProperties) = preSolution
		HideSolutionNode = FALSE
	EndGlobalSection
	GlobalSection(ExtensibilityGlobals) = postSolution
		SolutionGuid = {99901A2C-8728-4C60-A5E7-8CE119BFE12B}
	EndGlobalSection
EndGlobal
